
Microsoft Visual Studio Solution File, Format Version 12.00
# Visual Studio 15
VisualStudioVersion = 15.0.27004.2005
MinimumVisualStudioVersion = 10.0.40219.1
Project("{8BC9CEB8-8B4A-11D0-8D11-00A0C91BC942}") = "audio_vs", "audio_vs\audio_vs.vcxproj", "{3B758D79-80A9-4E66-A4E4-AC97548464D9}"
EndProject
Global
	GlobalSection(SolutionConfigurationPlatforms) = preSolution
		Debug|x64 = Debug|x64
		Debug|x86 = Debug|x86
		Release|x64 = Release|x64
		Release|x86 = Release|x86
	EndGlobalSection
	GlobalSection(ProjectConfigurationPlatforms) = postSolution
		{3B758D79-80A9-4E66-A4E4-AC97548464D9}.Debug|x64.ActiveCfg = Debug|x64
		{3B758D79-80A9-4E66-A4E4-AC97548464D9}.Debug|x64.Build.0 = Debug|x64
		{3B758D79-80A9-4E66-A4E4-AC97548464D9}.Debug|x86.ActiveCfg = Debug|Win32
		{3B758D79-80A9-4E66-A4E4-AC97548464D9}.Debug|x86.Build.0 = Debug|Win32
		{3B758D79-80A9-4E66-A4E4-AC97548464D9}.Release|x64.ActiveCfg = Release|x64
		{3B758D79-80A9-4E66-A4E4-AC97548464D9}.Release|x64.Build.0 = Release|x64
		{3B758D79-80A9-4E66-A4E4-AC97548464D9}.Release|x86.ActiveCfg = Release|Win32
		{3B758D79-80A9-4E66-A4E4-AC97548464D9}.Release|x86.Build.0 = Release|Win32
	EndGlobalSection
	GlobalSection(SolutionProperties) = preSolution
		HideSolutionNode = FALSE
	EndGlobalSection
	GlobalSection(ExtensibilityGlobals) = postSolution
		SolutionGuid = {B86989DD-A994-4F97-8CEE-A9504DC3CF46}
	EndGlobalSection
EndGlobal
